// !$*UTF8*$!
{
	archiveVersion = 1;
	classes = {
	};
	objectVersion = 46;
	objects = {

/* Begin PBXBuildFile section */
		13154CBE1EC62C340089B3A7 /* HashtagTableViewController.m in Sources */ = {isa = PBXBuildFile; fileRef = 13154CBC1EC62C340089B3A7 /* HashtagTableViewController.m */; };
		13154CBF1EC62C340089B3A7 /* HashtagTableViewController.m in Sources */ = {isa = PBXBuildFile; fileRef = 13154CBC1EC62C340089B3A7 /* HashtagTableViewController.m */; };
		13154CC01EC62C340089B3A7 /* HashtagTableViewController.xib in Resources */ = {isa = PBXBuildFile; fileRef = 13154CBD1EC62C340089B3A7 /* HashtagTableViewController.xib */; };
		13154CC11EC62C340089B3A7 /* HashtagTableViewController.xib in Resources */ = {isa = PBXBuildFile; fileRef = 13154CBD1EC62C340089B3A7 /* HashtagTableViewController.xib */; };
		13154CC51EC62C7F0089B3A7 /* URLTableViewController.m in Sources */ = {isa = PBXBuildFile; fileRef = 13154CC31EC62C7F0089B3A7 /* URLTableViewController.m */; };
		13154CC61EC62C7F0089B3A7 /* URLTableViewController.m in Sources */ = {isa = PBXBuildFile; fileRef = 13154CC31EC62C7F0089B3A7 /* URLTableViewController.m */; };
		13154CC71EC62C7F0089B3A7 /* URLTableViewController.xib in Resources */ = {isa = PBXBuildFile; fileRef = 13154CC41EC62C7F0089B3A7 /* URLTableViewController.xib */; };
		13154CC81EC62C7F0089B3A7 /* URLTableViewController.xib in Resources */ = {isa = PBXBuildFile; fileRef = 13154CC41EC62C7F0089B3A7 /* URLTableViewController.xib */; };
		13154CCC1EC62CC00089B3A7 /* PhotoURLTableViewController.m in Sources */ = {isa = PBXBuildFile; fileRef = 13154CCA1EC62CC00089B3A7 /* PhotoURLTableViewController.m */; };
		13154CCD1EC62CC00089B3A7 /* PhotoURLTableViewController.m in Sources */ = {isa = PBXBuildFile; fileRef = 13154CCA1EC62CC00089B3A7 /* PhotoURLTableViewController.m */; };
		13154CCE1EC62CC00089B3A7 /* PhotoURLTableViewController.xib in Resources */ = {isa = PBXBuildFile; fileRef = 13154CCB1EC62CC00089B3A7 /* PhotoURLTableViewController.xib */; };
		13154CCF1EC62CC00089B3A7 /* PhotoURLTableViewController.xib in Resources */ = {isa = PBXBuildFile; fileRef = 13154CCB1EC62CC00089B3A7 /* PhotoURLTableViewController.xib */; };
		13154CD31EC62E3C0089B3A7 /* TweetsTodayTableViewController.m in Sources */ = {isa = PBXBuildFile; fileRef = 13154CD11EC62E3C0089B3A7 /* TweetsTodayTableViewController.m */; };
		13154CD41EC62E3C0089B3A7 /* TweetsTodayTableViewController.m in Sources */ = {isa = PBXBuildFile; fileRef = 13154CD11EC62E3C0089B3A7 /* TweetsTodayTableViewController.m */; };
		13154CD51EC62E3C0089B3A7 /* TweetsTodayTableViewController.xib in Resources */ = {isa = PBXBuildFile; fileRef = 13154CD21EC62E3C0089B3A7 /* TweetsTodayTableViewController.xib */; };
		13154CD61EC62E3C0089B3A7 /* TweetsTodayTableViewController.xib in Resources */ = {isa = PBXBuildFile; fileRef = 13154CD21EC62E3C0089B3A7 /* TweetsTodayTableViewController.xib */; };
		13154CDA1EC62F1F0089B3A7 /* PercentageTableViewController.m in Sources */ = {isa = PBXBuildFile; fileRef = 13154CD81EC62F1F0089B3A7 /* PercentageTableViewController.m */; };
		13154CDB1EC62F1F0089B3A7 /* PercentageTableViewController.m in Sources */ = {isa = PBXBuildFile; fileRef = 13154CD81EC62F1F0089B3A7 /* PercentageTableViewController.m */; };
		13154CDC1EC62F1F0089B3A7 /* PercentageTableViewController.xib in Resources */ = {isa = PBXBuildFile; fileRef = 13154CD91EC62F1F0089B3A7 /* PercentageTableViewController.xib */; };
		13154CDD1EC62F1F0089B3A7 /* PercentageTableViewController.xib in Resources */ = {isa = PBXBuildFile; fileRef = 13154CD91EC62F1F0089B3A7 /* PercentageTableViewController.xib */; };
		1318346F1E9E8AEC001D50DF /* PersistentStack.m in Sources */ = {isa = PBXBuildFile; fileRef = 1318346E1E9E8AEC001D50DF /* PersistentStack.m */; };
		131834701E9E8AEC001D50DF /* PersistentStack.m in Sources */ = {isa = PBXBuildFile; fileRef = 1318346E1E9E8AEC001D50DF /* PersistentStack.m */; };
		1333935C1EC256160025D31F /* FetchedResultsDataProcessor.m in Sources */ = {isa = PBXBuildFile; fileRef = 1333935B1EC256160025D31F /* FetchedResultsDataProcessor.m */; };
		1333935D1EC256160025D31F /* FetchedResultsDataProcessor.m in Sources */ = {isa = PBXBuildFile; fileRef = 1333935B1EC256160025D31F /* FetchedResultsDataProcessor.m */; };
		1337AE7D1EBBB0C1004F93A2 /* PopUpViewController.m in Sources */ = {isa = PBXBuildFile; fileRef = 1337AE7C1EBBB0C1004F93A2 /* PopUpViewController.m */; };
		1337AE7E1EBBB0C1004F93A2 /* PopUpViewController.m in Sources */ = {isa = PBXBuildFile; fileRef = 1337AE7C1EBBB0C1004F93A2 /* PopUpViewController.m */; };
		133866581EBBA9250029B4E0 /* PopUpViewController.xib in Resources */ = {isa = PBXBuildFile; fileRef = 133866561EBBA9250029B4E0 /* PopUpViewController.xib */; };
		137029D01EB17AF70079585B /* CollectionViewController.xib in Resources */ = {isa = PBXBuildFile; fileRef = 137029CF1EB17AF70079585B /* CollectionViewController.xib */; };
		137336A31EE89EA40097456D /* ManagedURL+CoreDataClass.m in Sources */ = {isa = PBXBuildFile; fileRef = 137336A01EE89EA40097456D /* ManagedURL+CoreDataClass.m */; };
		137336A41EE89EA40097456D /* ManagedURL+CoreDataClass.m in Sources */ = {isa = PBXBuildFile; fileRef = 137336A01EE89EA40097456D /* ManagedURL+CoreDataClass.m */; };
		137336A51EE89EA40097456D /* ManagedURL+CoreDataProperties.m in Sources */ = {isa = PBXBuildFile; fileRef = 137336A21EE89EA40097456D /* ManagedURL+CoreDataProperties.m */; };
		137336A61EE89EA40097456D /* ManagedURL+CoreDataProperties.m in Sources */ = {isa = PBXBuildFile; fileRef = 137336A21EE89EA40097456D /* ManagedURL+CoreDataProperties.m */; };
		137A26571E97258C003E6ECA /* TweetHandler.m in Sources */ = {isa = PBXBuildFile; fileRef = 137A26561E97258C003E6ECA /* TweetHandler.m */; };
		137A26581E97258C003E6ECA /* TweetHandler.m in Sources */ = {isa = PBXBuildFile; fileRef = 137A26561E97258C003E6ECA /* TweetHandler.m */; };
		1397C0991EB3AEC300E88A91 /* CollectionViewCell.m in Sources */ = {isa = PBXBuildFile; fileRef = 1397C0971EB3AEC300E88A91 /* CollectionViewCell.m */; };
		1397C09A1EB3AEC300E88A91 /* CollectionViewCell.xib in Resources */ = {isa = PBXBuildFile; fileRef = 1397C0981EB3AEC300E88A91 /* CollectionViewCell.xib */; };
		139F30FF1E95C254007A85A5 /* main.m in Sources */ = {isa = PBXBuildFile; fileRef = 139F30FE1E95C254007A85A5 /* main.m */; };
		139F31021E95C254007A85A5 /* AppDelegate.m in Sources */ = {isa = PBXBuildFile; fileRef = 139F31011E95C254007A85A5 /* AppDelegate.m */; };
		139F31051E95C254007A85A5 /* CollectionViewController.m in Sources */ = {isa = PBXBuildFile; fileRef = 139F31041E95C254007A85A5 /* CollectionViewController.m */; };
		139F310A1E95C254007A85A5 /* Assets.xcassets in Resources */ = {isa = PBXBuildFile; fileRef = 139F31091E95C254007A85A5 /* Assets.xcassets */; };
		139F31181E95C254007A85A5 /* TwitterStatsTests.m in Sources */ = {isa = PBXBuildFile; fileRef = 139F31171E95C254007A85A5 /* TwitterStatsTests.m */; };
		139F31231E95C286007A85A5 /* Default-568h@2x.png in Resources */ = {isa = PBXBuildFile; fileRef = 139F31221E95C286007A85A5 /* Default-568h@2x.png */; };
		13AD803B1EE0BD69001DCF0F /* TwitterStatsModel.xcdatamodeld in Sources */ = {isa = PBXBuildFile; fileRef = 13AD80391EE0BD69001DCF0F /* TwitterStatsModel.xcdatamodeld */; };
		13B89E931E96013800866AC7 /* FetchTweetsWebService.m in Sources */ = {isa = PBXBuildFile; fileRef = 13B89E921E96013800866AC7 /* FetchTweetsWebService.m */; };
		13B89E941E96013800866AC7 /* FetchTweetsWebService.m in Sources */ = {isa = PBXBuildFile; fileRef = 13B89E921E96013800866AC7 /* FetchTweetsWebService.m */; };
		13D276501EE0C21600F0E064 /* ManagedPhotoURL+CoreDataClass.m in Sources */ = {isa = PBXBuildFile; fileRef = 13AD803D1EE0BDB4001DCF0F /* ManagedPhotoURL+CoreDataClass.m */; };
		13D276511EE0C21600F0E064 /* ManagedPhotoURL+CoreDataProperties.m in Sources */ = {isa = PBXBuildFile; fileRef = 13AD803F1EE0BDB4001DCF0F /* ManagedPhotoURL+CoreDataProperties.m */; };
		13D276541EE0C21600F0E064 /* ManagedHashtag+CoreDataClass.m in Sources */ = {isa = PBXBuildFile; fileRef = 13AD80451EE0BDB4001DCF0F /* ManagedHashtag+CoreDataClass.m */; };
		13D276551EE0C21600F0E064 /* ManagedHashtag+CoreDataProperties.m in Sources */ = {isa = PBXBuildFile; fileRef = 13AD80471EE0BDB4001DCF0F /* ManagedHashtag+CoreDataProperties.m */; };
		13D276581EE0C21700F0E064 /* ManagedPhotoURL+CoreDataClass.m in Sources */ = {isa = PBXBuildFile; fileRef = 13AD803D1EE0BDB4001DCF0F /* ManagedPhotoURL+CoreDataClass.m */; };
		13D276591EE0C21700F0E064 /* ManagedPhotoURL+CoreDataProperties.m in Sources */ = {isa = PBXBuildFile; fileRef = 13AD803F1EE0BDB4001DCF0F /* ManagedPhotoURL+CoreDataProperties.m */; };
		13D2765C1EE0C21700F0E064 /* ManagedHashtag+CoreDataClass.m in Sources */ = {isa = PBXBuildFile; fileRef = 13AD80451EE0BDB4001DCF0F /* ManagedHashtag+CoreDataClass.m */; };
		13D2765D1EE0C21700F0E064 /* ManagedHashtag+CoreDataProperties.m in Sources */ = {isa = PBXBuildFile; fileRef = 13AD80471EE0BDB4001DCF0F /* ManagedHashtag+CoreDataProperties.m */; };
		13D276641EE0C58900F0E064 /* ManagedTweet+CoreDataClass.m in Sources */ = {isa = PBXBuildFile; fileRef = 13D276611EE0C58900F0E064 /* ManagedTweet+CoreDataClass.m */; };
		13D276651EE0C58900F0E064 /* ManagedTweet+CoreDataClass.m in Sources */ = {isa = PBXBuildFile; fileRef = 13D276611EE0C58900F0E064 /* ManagedTweet+CoreDataClass.m */; };
		13D276661EE0C58900F0E064 /* ManagedTweet+CoreDataProperties.m in Sources */ = {isa = PBXBuildFile; fileRef = 13D276631EE0C58900F0E064 /* ManagedTweet+CoreDataProperties.m */; };
		13D276671EE0C58900F0E064 /* ManagedTweet+CoreDataProperties.m in Sources */ = {isa = PBXBuildFile; fileRef = 13D276631EE0C58900F0E064 /* ManagedTweet+CoreDataProperties.m */; };
		13D918DD1EBBC61F00FB9473 /* EmojiTableViewController.m in Sources */ = {isa = PBXBuildFile; fileRef = 13D918DB1EBBC61F00FB9473 /* EmojiTableViewController.m */; };
		13D918DE1EBBC61F00FB9473 /* EmojiTableViewController.m in Sources */ = {isa = PBXBuildFile; fileRef = 13D918DB1EBBC61F00FB9473 /* EmojiTableViewController.m */; };
		13D918DF1EBBC61F00FB9473 /* EmojiTableViewController.xib in Resources */ = {isa = PBXBuildFile; fileRef = 13D918DC1EBBC61F00FB9473 /* EmojiTableViewController.xib */; };
		13D918E01EBBC61F00FB9473 /* EmojiTableViewController.xib in Resources */ = {isa = PBXBuildFile; fileRef = 13D918DC1EBBC61F00FB9473 /* EmojiTableViewController.xib */; };
		13F284751EAFB25D00D89B7F /* JSONTweetObject.m in Sources */ = {isa = PBXBuildFile; fileRef = 13F284741EAFB25D00D89B7F /* JSONTweetObject.m */; };
		13F284761EAFB25D00D89B7F /* JSONTweetObject.m in Sources */ = {isa = PBXBuildFile; fileRef = 13F284741EAFB25D00D89B7F /* JSONTweetObject.m */; };
		7B3934C4DA34157990CB15ED /* Pods_TwitterStats.framework in Frameworks */ = {isa = PBXBuildFile; fileRef = F7EBB4EEF4F157A970EAAC8F /* Pods_TwitterStats.framework */; };
		BCD816516E899583F8AE26F8 /* Pods_TwitterStatsTests.framework in Frameworks */ = {isa = PBXBuildFile; fileRef = 694375312971F5B035102AB5 /* Pods_TwitterStatsTests.framework */; };
/* End PBXBuildFile section */

/* Begin PBXContainerItemProxy section */
		139F31141E95C254007A85A5 /* PBXContainerItemProxy */ = {
			isa = PBXContainerItemProxy;
			containerPortal = 139F30F21E95C254007A85A5 /* Project object */;
			proxyType = 1;
			remoteGlobalIDString = 139F30F91E95C254007A85A5;
			remoteInfo = TwitterStats;
		};
/* End PBXContainerItemProxy section */

/* Begin PBXFileReference section */
		11E8ABDFBDCB1F05F82AF264 /* Pods-TwitterStatsTests.release.xcconfig */ = {isa = PBXFileReference; includeInIndex = 1; lastKnownFileType = text.xcconfig; name = "Pods-TwitterStatsTests.release.xcconfig"; path = "Pods/Target Support Files/Pods-TwitterStatsTests/Pods-TwitterStatsTests.release.xcconfig"; sourceTree = "<group>"; };
		13154CBB1EC62C340089B3A7 /* HashtagTableViewController.h */ = {isa = PBXFileReference; fileEncoding = 4; lastKnownFileType = sourcecode.c.h; path = HashtagTableViewController.h; sourceTree = "<group>"; };
		13154CBC1EC62C340089B3A7 /* HashtagTableViewController.m */ = {isa = PBXFileReference; fileEncoding = 4; lastKnownFileType = sourcecode.c.objc; path = HashtagTableViewController.m; sourceTree = "<group>"; };
		13154CBD1EC62C340089B3A7 /* HashtagTableViewController.xib */ = {isa = PBXFileReference; fileEncoding = 4; lastKnownFileType = file.xib; path = HashtagTableViewController.xib; sourceTree = "<group>"; };
		13154CC21EC62C7F0089B3A7 /* URLTableViewController.h */ = {isa = PBXFileReference; fileEncoding = 4; lastKnownFileType = sourcecode.c.h; path = URLTableViewController.h; sourceTree = "<group>"; };
		13154CC31EC62C7F0089B3A7 /* URLTableViewController.m */ = {isa = PBXFileReference; fileEncoding = 4; lastKnownFileType = sourcecode.c.objc; path = URLTableViewController.m; sourceTree = "<group>"; };
		13154CC41EC62C7F0089B3A7 /* URLTableViewController.xib */ = {isa = PBXFileReference; fileEncoding = 4; lastKnownFileType = file.xib; path = URLTableViewController.xib; sourceTree = "<group>"; };
		13154CC91EC62CC00089B3A7 /* PhotoURLTableViewController.h */ = {isa = PBXFileReference; fileEncoding = 4; lastKnownFileType = sourcecode.c.h; path = PhotoURLTableViewController.h; sourceTree = "<group>"; };
		13154CCA1EC62CC00089B3A7 /* PhotoURLTableViewController.m */ = {isa = PBXFileReference; fileEncoding = 4; lastKnownFileType = sourcecode.c.objc; path = PhotoURLTableViewController.m; sourceTree = "<group>"; };
		13154CCB1EC62CC00089B3A7 /* PhotoURLTableViewController.xib */ = {isa = PBXFileReference; fileEncoding = 4; lastKnownFileType = file.xib; path = PhotoURLTableViewController.xib; sourceTree = "<group>"; };
		13154CD01EC62E3C0089B3A7 /* TweetsTodayTableViewController.h */ = {isa = PBXFileReference; fileEncoding = 4; lastKnownFileType = sourcecode.c.h; path = TweetsTodayTableViewController.h; sourceTree = "<group>"; };
		13154CD11EC62E3C0089B3A7 /* TweetsTodayTableViewController.m */ = {isa = PBXFileReference; fileEncoding = 4; lastKnownFileType = sourcecode.c.objc; path = TweetsTodayTableViewController.m; sourceTree = "<group>"; };
		13154CD21EC62E3C0089B3A7 /* TweetsTodayTableViewController.xib */ = {isa = PBXFileReference; fileEncoding = 4; lastKnownFileType = file.xib; path = TweetsTodayTableViewController.xib; sourceTree = "<group>"; };
		13154CD71EC62F1F0089B3A7 /* PercentageTableViewController.h */ = {isa = PBXFileReference; fileEncoding = 4; lastKnownFileType = sourcecode.c.h; path = PercentageTableViewController.h; sourceTree = "<group>"; };
		13154CD81EC62F1F0089B3A7 /* PercentageTableViewController.m */ = {isa = PBXFileReference; fileEncoding = 4; lastKnownFileType = sourcecode.c.objc; path = PercentageTableViewController.m; sourceTree = "<group>"; };
		13154CD91EC62F1F0089B3A7 /* PercentageTableViewController.xib */ = {isa = PBXFileReference; fileEncoding = 4; lastKnownFileType = file.xib; path = PercentageTableViewController.xib; sourceTree = "<group>"; };
		1318346D1E9E8AEC001D50DF /* PersistentStack.h */ = {isa = PBXFileReference; fileEncoding = 4; lastKnownFileType = sourcecode.c.h; path = PersistentStack.h; sourceTree = "<group>"; };
		1318346E1E9E8AEC001D50DF /* PersistentStack.m */ = {isa = PBXFileReference; fileEncoding = 4; lastKnownFileType = sourcecode.c.objc; path = PersistentStack.m; sourceTree = "<group>"; };
		1333935A1EC256160025D31F /* FetchedResultsDataProcessor.h */ = {isa = PBXFileReference; fileEncoding = 4; lastKnownFileType = sourcecode.c.h; path = FetchedResultsDataProcessor.h; sourceTree = "<group>"; };
		1333935B1EC256160025D31F /* FetchedResultsDataProcessor.m */ = {isa = PBXFileReference; fileEncoding = 4; lastKnownFileType = sourcecode.c.objc; path = FetchedResultsDataProcessor.m; sourceTree = "<group>"; };
		1337AE7B1EBBB0C1004F93A2 /* PopUpViewController.h */ = {isa = PBXFileReference; fileEncoding = 4; lastKnownFileType = sourcecode.c.h; path = PopUpViewController.h; sourceTree = "<group>"; };
		1337AE7C1EBBB0C1004F93A2 /* PopUpViewController.m */ = {isa = PBXFileReference; fileEncoding = 4; lastKnownFileType = sourcecode.c.objc; path = PopUpViewController.m; sourceTree = "<group>"; };
		133866561EBBA9250029B4E0 /* PopUpViewController.xib */ = {isa = PBXFileReference; fileEncoding = 4; lastKnownFileType = file.xib; path = PopUpViewController.xib; sourceTree = "<group>"; };
		137029CF1EB17AF70079585B /* CollectionViewController.xib */ = {isa = PBXFileReference; fileEncoding = 4; lastKnownFileType = file.xib; path = CollectionViewController.xib; sourceTree = "<group>"; };
		1373369F1EE89EA40097456D /* ManagedURL+CoreDataClass.h */ = {isa = PBXFileReference; fileEncoding = 4; lastKnownFileType = sourcecode.c.h; name = "ManagedURL+CoreDataClass.h"; path = "Core Data/ManagedURL+CoreDataClass.h"; sourceTree = "<group>"; };
		137336A01EE89EA40097456D /* ManagedURL+CoreDataClass.m */ = {isa = PBXFileReference; fileEncoding = 4; lastKnownFileType = sourcecode.c.objc; name = "ManagedURL+CoreDataClass.m"; path = "Core Data/ManagedURL+CoreDataClass.m"; sourceTree = "<group>"; };
		137336A11EE89EA40097456D /* ManagedURL+CoreDataProperties.h */ = {isa = PBXFileReference; fileEncoding = 4; lastKnownFileType = sourcecode.c.h; name = "ManagedURL+CoreDataProperties.h"; path = "Core Data/ManagedURL+CoreDataProperties.h"; sourceTree = "<group>"; };
		137336A21EE89EA40097456D /* ManagedURL+CoreDataProperties.m */ = {isa = PBXFileReference; fileEncoding = 4; lastKnownFileType = sourcecode.c.objc; name = "ManagedURL+CoreDataProperties.m"; path = "Core Data/ManagedURL+CoreDataProperties.m"; sourceTree = "<group>"; };
		137A26551E97258C003E6ECA /* TweetHandler.h */ = {isa = PBXFileReference; fileEncoding = 4; lastKnownFileType = sourcecode.c.h; path = TweetHandler.h; sourceTree = "<group>"; };
		137A26561E97258C003E6ECA /* TweetHandler.m */ = {isa = PBXFileReference; fileEncoding = 4; lastKnownFileType = sourcecode.c.objc; path = TweetHandler.m; sourceTree = "<group>"; };
		1397C0961EB3AEC300E88A91 /* CollectionViewCell.h */ = {isa = PBXFileReference; fileEncoding = 4; lastKnownFileType = sourcecode.c.h; path = CollectionViewCell.h; sourceTree = "<group>"; };
		1397C0971EB3AEC300E88A91 /* CollectionViewCell.m */ = {isa = PBXFileReference; fileEncoding = 4; lastKnownFileType = sourcecode.c.objc; path = CollectionViewCell.m; sourceTree = "<group>"; };
		1397C0981EB3AEC300E88A91 /* CollectionViewCell.xib */ = {isa = PBXFileReference; fileEncoding = 4; lastKnownFileType = file.xib; path = CollectionViewCell.xib; sourceTree = "<group>"; };
		139F30FA1E95C254007A85A5 /* TwitterStats.app */ = {isa = PBXFileReference; explicitFileType = wrapper.application; includeInIndex = 0; path = TwitterStats.app; sourceTree = BUILT_PRODUCTS_DIR; };
		139F30FE1E95C254007A85A5 /* main.m */ = {isa = PBXFileReference; lastKnownFileType = sourcecode.c.objc; path = main.m; sourceTree = "<group>"; };
		139F31001E95C254007A85A5 /* AppDelegate.h */ = {isa = PBXFileReference; lastKnownFileType = sourcecode.c.h; path = AppDelegate.h; sourceTree = "<group>"; };
		139F31011E95C254007A85A5 /* AppDelegate.m */ = {isa = PBXFileReference; lastKnownFileType = sourcecode.c.objc; path = AppDelegate.m; sourceTree = "<group>"; };
		139F31031E95C254007A85A5 /* CollectionViewController.h */ = {isa = PBXFileReference; lastKnownFileType = sourcecode.c.h; path = CollectionViewController.h; sourceTree = "<group>"; };
		139F31041E95C254007A85A5 /* CollectionViewController.m */ = {isa = PBXFileReference; lastKnownFileType = sourcecode.c.objc; path = CollectionViewController.m; sourceTree = "<group>"; };
		139F31091E95C254007A85A5 /* Assets.xcassets */ = {isa = PBXFileReference; lastKnownFileType = folder.assetcatalog; path = Assets.xcassets; sourceTree = "<group>"; };
		139F310E1E95C254007A85A5 /* Info.plist */ = {isa = PBXFileReference; lastKnownFileType = text.plist.xml; path = Info.plist; sourceTree = "<group>"; };
		139F31131E95C254007A85A5 /* TwitterStatsTests.xctest */ = {isa = PBXFileReference; explicitFileType = wrapper.cfbundle; includeInIndex = 0; path = TwitterStatsTests.xctest; sourceTree = BUILT_PRODUCTS_DIR; };
		139F31171E95C254007A85A5 /* TwitterStatsTests.m */ = {isa = PBXFileReference; lastKnownFileType = sourcecode.c.objc; path = TwitterStatsTests.m; sourceTree = "<group>"; };
		139F31191E95C254007A85A5 /* Info.plist */ = {isa = PBXFileReference; lastKnownFileType = text.plist.xml; path = Info.plist; sourceTree = "<group>"; };
		139F31221E95C286007A85A5 /* Default-568h@2x.png */ = {isa = PBXFileReference; lastKnownFileType = image.png; path = "Default-568h@2x.png"; sourceTree = "<group>"; };
		13AD803A1EE0BD69001DCF0F /* TwitterStatsModel.xcdatamodel */ = {isa = PBXFileReference; lastKnownFileType = wrapper.xcdatamodel; path = TwitterStatsModel.xcdatamodel; sourceTree = "<group>"; };
		13AD803C1EE0BDB4001DCF0F /* ManagedPhotoURL+CoreDataClass.h */ = {isa = PBXFileReference; fileEncoding = 4; lastKnownFileType = sourcecode.c.h; name = "ManagedPhotoURL+CoreDataClass.h"; path = "Core Data/ManagedPhotoURL+CoreDataClass.h"; sourceTree = "<group>"; };
		13AD803D1EE0BDB4001DCF0F /* ManagedPhotoURL+CoreDataClass.m */ = {isa = PBXFileReference; fileEncoding = 4; lastKnownFileType = sourcecode.c.objc; name = "ManagedPhotoURL+CoreDataClass.m"; path = "Core Data/ManagedPhotoURL+CoreDataClass.m"; sourceTree = "<group>"; };
		13AD803E1EE0BDB4001DCF0F /* ManagedPhotoURL+CoreDataProperties.h */ = {isa = PBXFileReference; fileEncoding = 4; lastKnownFileType = sourcecode.c.h; name = "ManagedPhotoURL+CoreDataProperties.h"; path = "Core Data/ManagedPhotoURL+CoreDataProperties.h"; sourceTree = "<group>"; };
		13AD803F1EE0BDB4001DCF0F /* ManagedPhotoURL+CoreDataProperties.m */ = {isa = PBXFileReference; fileEncoding = 4; lastKnownFileType = sourcecode.c.objc; name = "ManagedPhotoURL+CoreDataProperties.m"; path = "Core Data/ManagedPhotoURL+CoreDataProperties.m"; sourceTree = "<group>"; };
		13AD80441EE0BDB4001DCF0F /* ManagedHashtag+CoreDataClass.h */ = {isa = PBXFileReference; fileEncoding = 4; lastKnownFileType = sourcecode.c.h; name = "ManagedHashtag+CoreDataClass.h"; path = "Core Data/ManagedHashtag+CoreDataClass.h"; sourceTree = "<group>"; };
		13AD80451EE0BDB4001DCF0F /* ManagedHashtag+CoreDataClass.m */ = {isa = PBXFileReference; fileEncoding = 4; lastKnownFileType = sourcecode.c.objc; name = "ManagedHashtag+CoreDataClass.m"; path = "Core Data/ManagedHashtag+CoreDataClass.m"; sourceTree = "<group>"; };
		13AD80461EE0BDB4001DCF0F /* ManagedHashtag+CoreDataProperties.h */ = {isa = PBXFileReference; fileEncoding = 4; lastKnownFileType = sourcecode.c.h; name = "ManagedHashtag+CoreDataProperties.h"; path = "Core Data/ManagedHashtag+CoreDataProperties.h"; sourceTree = "<group>"; };
		13AD80471EE0BDB4001DCF0F /* ManagedHashtag+CoreDataProperties.m */ = {isa = PBXFileReference; fileEncoding = 4; lastKnownFileType = sourcecode.c.objc; name = "ManagedHashtag+CoreDataProperties.m"; path = "Core Data/ManagedHashtag+CoreDataProperties.m"; sourceTree = "<group>"; };
		13B89E911E96013800866AC7 /* FetchTweetsWebService.h */ = {isa = PBXFileReference; fileEncoding = 4; lastKnownFileType = sourcecode.c.h; path = FetchTweetsWebService.h; sourceTree = "<group>"; };
		13B89E921E96013800866AC7 /* FetchTweetsWebService.m */ = {isa = PBXFileReference; fileEncoding = 4; lastKnownFileType = sourcecode.c.objc; path = FetchTweetsWebService.m; sourceTree = "<group>"; };
		13D276601EE0C58900F0E064 /* ManagedTweet+CoreDataClass.h */ = {isa = PBXFileReference; fileEncoding = 4; lastKnownFileType = sourcecode.c.h; path = "ManagedTweet+CoreDataClass.h"; sourceTree = "<group>"; };
		13D276611EE0C58900F0E064 /* ManagedTweet+CoreDataClass.m */ = {isa = PBXFileReference; fileEncoding = 4; lastKnownFileType = sourcecode.c.objc; path = "ManagedTweet+CoreDataClass.m"; sourceTree = "<group>"; };
		13D276621EE0C58900F0E064 /* ManagedTweet+CoreDataProperties.h */ = {isa = PBXFileReference; fileEncoding = 4; lastKnownFileType = sourcecode.c.h; path = "ManagedTweet+CoreDataProperties.h"; sourceTree = "<group>"; };
		13D276631EE0C58900F0E064 /* ManagedTweet+CoreDataProperties.m */ = {isa = PBXFileReference; fileEncoding = 4; lastKnownFileType = sourcecode.c.objc; path = "ManagedTweet+CoreDataProperties.m"; sourceTree = "<group>"; };
		13D918DA1EBBC61F00FB9473 /* EmojiTableViewController.h */ = {isa = PBXFileReference; fileEncoding = 4; lastKnownFileType = sourcecode.c.h; path = EmojiTableViewController.h; sourceTree = "<group>"; };
		13D918DB1EBBC61F00FB9473 /* EmojiTableViewController.m */ = {isa = PBXFileReference; fileEncoding = 4; lastKnownFileType = sourcecode.c.objc; path = EmojiTableViewController.m; sourceTree = "<group>"; };
		13D918DC1EBBC61F00FB9473 /* EmojiTableViewController.xib */ = {isa = PBXFileReference; fileEncoding = 4; lastKnownFileType = file.xib; path = EmojiTableViewController.xib; sourceTree = "<group>"; };
		13F284731EAFB25D00D89B7F /* JSONTweetObject.h */ = {isa = PBXFileReference; fileEncoding = 4; lastKnownFileType = sourcecode.c.h; path = JSONTweetObject.h; sourceTree = "<group>"; };
		13F284741EAFB25D00D89B7F /* JSONTweetObject.m */ = {isa = PBXFileReference; fileEncoding = 4; lastKnownFileType = sourcecode.c.objc; path = JSONTweetObject.m; sourceTree = "<group>"; };
		273C39DAF9620BFED4C312C2 /* Pods-TwitterStatsTests.debug.xcconfig */ = {isa = PBXFileReference; includeInIndex = 1; lastKnownFileType = text.xcconfig; name = "Pods-TwitterStatsTests.debug.xcconfig"; path = "Pods/Target Support Files/Pods-TwitterStatsTests/Pods-TwitterStatsTests.debug.xcconfig"; sourceTree = "<group>"; };
		4C71744DDE68126A08BDC7F0 /* Pods-TwitterStats.debug.xcconfig */ = {isa = PBXFileReference; includeInIndex = 1; lastKnownFileType = text.xcconfig; name = "Pods-TwitterStats.debug.xcconfig"; path = "Pods/Target Support Files/Pods-TwitterStats/Pods-TwitterStats.debug.xcconfig"; sourceTree = "<group>"; };
		694375312971F5B035102AB5 /* Pods_TwitterStatsTests.framework */ = {isa = PBXFileReference; explicitFileType = wrapper.framework; includeInIndex = 0; path = Pods_TwitterStatsTests.framework; sourceTree = BUILT_PRODUCTS_DIR; };
		D5467971D87AFA76E74BF88A /* Pods-TwitterStats.release.xcconfig */ = {isa = PBXFileReference; includeInIndex = 1; lastKnownFileType = text.xcconfig; name = "Pods-TwitterStats.release.xcconfig"; path = "Pods/Target Support Files/Pods-TwitterStats/Pods-TwitterStats.release.xcconfig"; sourceTree = "<group>"; };
		F7EBB4EEF4F157A970EAAC8F /* Pods_TwitterStats.framework */ = {isa = PBXFileReference; explicitFileType = wrapper.framework; includeInIndex = 0; path = Pods_TwitterStats.framework; sourceTree = BUILT_PRODUCTS_DIR; };
/* End PBXFileReference section */

/* Begin PBXFrameworksBuildPhase section */
		139F30F71E95C254007A85A5 /* Frameworks */ = {
			isa = PBXFrameworksBuildPhase;
			buildActionMask = 2147483647;
			files = (
				7B3934C4DA34157990CB15ED /* Pods_TwitterStats.framework in Frameworks */,
			);
			runOnlyForDeploymentPostprocessing = 0;
		};
		139F31101E95C254007A85A5 /* Frameworks */ = {
			isa = PBXFrameworksBuildPhase;
			buildActionMask = 2147483647;
			files = (
				BCD816516E899583F8AE26F8 /* Pods_TwitterStatsTests.framework in Frameworks */,
			);
			runOnlyForDeploymentPostprocessing = 0;
		};
/* End PBXFrameworksBuildPhase section */

/* Begin PBXGroup section */
		13154CBA1EC62BF20089B3A7 /* Table View Controllers */ = {
			isa = PBXGroup;
			children = (
				1337AE7B1EBBB0C1004F93A2 /* PopUpViewController.h */,
				1337AE7C1EBBB0C1004F93A2 /* PopUpViewController.m */,
				133866561EBBA9250029B4E0 /* PopUpViewController.xib */,
				13D918DA1EBBC61F00FB9473 /* EmojiTableViewController.h */,
				13D918DB1EBBC61F00FB9473 /* EmojiTableViewController.m */,
				13D918DC1EBBC61F00FB9473 /* EmojiTableViewController.xib */,
				13154CBB1EC62C340089B3A7 /* HashtagTableViewController.h */,
				13154CBC1EC62C340089B3A7 /* HashtagTableViewController.m */,
				13154CBD1EC62C340089B3A7 /* HashtagTableViewController.xib */,
				13154CD71EC62F1F0089B3A7 /* PercentageTableViewController.h */,
				13154CD81EC62F1F0089B3A7 /* PercentageTableViewController.m */,
				13154CD91EC62F1F0089B3A7 /* PercentageTableViewController.xib */,
				13154CC91EC62CC00089B3A7 /* PhotoURLTableViewController.h */,
				13154CCA1EC62CC00089B3A7 /* PhotoURLTableViewController.m */,
				13154CCB1EC62CC00089B3A7 /* PhotoURLTableViewController.xib */,
				13154CD01EC62E3C0089B3A7 /* TweetsTodayTableViewController.h */,
				13154CD11EC62E3C0089B3A7 /* TweetsTodayTableViewController.m */,
				13154CD21EC62E3C0089B3A7 /* TweetsTodayTableViewController.xib */,
				13154CC21EC62C7F0089B3A7 /* URLTableViewController.h */,
				13154CC31EC62C7F0089B3A7 /* URLTableViewController.m */,
				13154CC41EC62C7F0089B3A7 /* URLTableViewController.xib */,
			);
			name = "Table View Controllers";
			sourceTree = "<group>";
		};
		1373368E1EE8879E0097456D /* Webservices */ = {
			isa = PBXGroup;
			children = (
				137A26551E97258C003E6ECA /* TweetHandler.h */,
				137A26561E97258C003E6ECA /* TweetHandler.m */,
				13B89E911E96013800866AC7 /* FetchTweetsWebService.h */,
				13B89E921E96013800866AC7 /* FetchTweetsWebService.m */,
			);
			name = Webservices;
			sourceTree = "<group>";
		};
		139F30F11E95C254007A85A5 = {
			isa = PBXGroup;
			children = (
				139F31221E95C286007A85A5 /* Default-568h@2x.png */,
				139F30FC1E95C254007A85A5 /* TwitterStats */,
				139F31161E95C254007A85A5 /* TwitterStatsTests */,
				139F30FB1E95C254007A85A5 /* Products */,
				CF9F832C8681782FA7ECDDCB /* Pods */,
				7509F36F3029524F786F9907 /* Frameworks */,
			);
			sourceTree = "<group>";
		};
		139F30FB1E95C254007A85A5 /* Products */ = {
			isa = PBXGroup;
			children = (
				139F30FA1E95C254007A85A5 /* TwitterStats.app */,
				139F31131E95C254007A85A5 /* TwitterStatsTests.xctest */,
			);
			name = Products;
			sourceTree = "<group>";
		};
		139F30FC1E95C254007A85A5 /* TwitterStats */ = {
			isa = PBXGroup;
			children = (
				13AD80381EE0BCE1001DCF0F /* Core Data */,
				139F31001E95C254007A85A5 /* AppDelegate.h */,
				139F31011E95C254007A85A5 /* AppDelegate.m */,
				1333935A1EC256160025D31F /* FetchedResultsDataProcessor.h */,
				1333935B1EC256160025D31F /* FetchedResultsDataProcessor.m */,
				13154CBA1EC62BF20089B3A7 /* Table View Controllers */,
				139F31031E95C254007A85A5 /* CollectionViewController.h */,
				139F31041E95C254007A85A5 /* CollectionViewController.m */,
				137029CF1EB17AF70079585B /* CollectionViewController.xib */,
				1397C0961EB3AEC300E88A91 /* CollectionViewCell.h */,
				1397C0971EB3AEC300E88A91 /* CollectionViewCell.m */,
				1397C0981EB3AEC300E88A91 /* CollectionViewCell.xib */,
				1373368E1EE8879E0097456D /* Webservices */,
				13F284731EAFB25D00D89B7F /* JSONTweetObject.h */,
				13F284741EAFB25D00D89B7F /* JSONTweetObject.m */,
				1318346D1E9E8AEC001D50DF /* PersistentStack.h */,
				1318346E1E9E8AEC001D50DF /* PersistentStack.m */,
				139F31091E95C254007A85A5 /* Assets.xcassets */,
				139F310E1E95C254007A85A5 /* Info.plist */,
				139F30FD1E95C254007A85A5 /* Supporting Files */,
			);
			path = TwitterStats;
			sourceTree = "<group>";
		};
		139F30FD1E95C254007A85A5 /* Supporting Files */ = {
			isa = PBXGroup;
			children = (
				139F30FE1E95C254007A85A5 /* main.m */,
			);
			name = "Supporting Files";
			sourceTree = "<group>";
		};
		139F31161E95C254007A85A5 /* TwitterStatsTests */ = {
			isa = PBXGroup;
			children = (
				139F31171E95C254007A85A5 /* TwitterStatsTests.m */,
				139F31191E95C254007A85A5 /* Info.plist */,
			);
			path = TwitterStatsTests;
			sourceTree = "<group>";
		};
		13AD80381EE0BCE1001DCF0F /* Core Data */ = {
			isa = PBXGroup;
			children = (
				1373369F1EE89EA40097456D /* ManagedURL+CoreDataClass.h */,
				137336A01EE89EA40097456D /* ManagedURL+CoreDataClass.m */,
				137336A11EE89EA40097456D /* ManagedURL+CoreDataProperties.h */,
				137336A21EE89EA40097456D /* ManagedURL+CoreDataProperties.m */,
				13D276601EE0C58900F0E064 /* ManagedTweet+CoreDataClass.h */,
				13D276611EE0C58900F0E064 /* ManagedTweet+CoreDataClass.m */,
				13D276621EE0C58900F0E064 /* ManagedTweet+CoreDataProperties.h */,
				13D276631EE0C58900F0E064 /* ManagedTweet+CoreDataProperties.m */,
				13AD803C1EE0BDB4001DCF0F /* ManagedPhotoURL+CoreDataClass.h */,
				13AD803D1EE0BDB4001DCF0F /* ManagedPhotoURL+CoreDataClass.m */,
				13AD803E1EE0BDB4001DCF0F /* ManagedPhotoURL+CoreDataProperties.h */,
				13AD803F1EE0BDB4001DCF0F /* ManagedPhotoURL+CoreDataProperties.m */,
				13AD80441EE0BDB4001DCF0F /* ManagedHashtag+CoreDataClass.h */,
				13AD80451EE0BDB4001DCF0F /* ManagedHashtag+CoreDataClass.m */,
				13AD80461EE0BDB4001DCF0F /* ManagedHashtag+CoreDataProperties.h */,
				13AD80471EE0BDB4001DCF0F /* ManagedHashtag+CoreDataProperties.m */,
				13AD80391EE0BD69001DCF0F /* TwitterStatsModel.xcdatamodeld */,
			);
			name = "Core Data";
			sourceTree = "<group>";
		};
		7509F36F3029524F786F9907 /* Frameworks */ = {
			isa = PBXGroup;
			children = (
				F7EBB4EEF4F157A970EAAC8F /* Pods_TwitterStats.framework */,
				694375312971F5B035102AB5 /* Pods_TwitterStatsTests.framework */,
			);
			name = Frameworks;
			sourceTree = "<group>";
		};
		CF9F832C8681782FA7ECDDCB /* Pods */ = {
			isa = PBXGroup;
			children = (
				4C71744DDE68126A08BDC7F0 /* Pods-TwitterStats.debug.xcconfig */,
				D5467971D87AFA76E74BF88A /* Pods-TwitterStats.release.xcconfig */,
				273C39DAF9620BFED4C312C2 /* Pods-TwitterStatsTests.debug.xcconfig */,
				11E8ABDFBDCB1F05F82AF264 /* Pods-TwitterStatsTests.release.xcconfig */,
			);
			name = Pods;
			sourceTree = "<group>";
		};
/* End PBXGroup section */

/* Begin PBXNativeTarget section */
		139F30F91E95C254007A85A5 /* TwitterStats */ = {
			isa = PBXNativeTarget;
			buildConfigurationList = 139F311C1E95C254007A85A5 /* Build configuration list for PBXNativeTarget "TwitterStats" */;
			buildPhases = (
				8ED33EF5071FA36B0746CEEF /* [CP] Check Pods Manifest.lock */,
				139F30F61E95C254007A85A5 /* Sources */,
				139F30F71E95C254007A85A5 /* Frameworks */,
				139F30F81E95C254007A85A5 /* Resources */,
				15A3975F9C277A1B706BEEA0 /* [CP] Embed Pods Frameworks */,
				32C510BA5F942059293BA82B /* [CP] Copy Pods Resources */,
			);
			buildRules = (
			);
			dependencies = (
			);
			name = TwitterStats;
			productName = TwitterStats;
			productReference = 139F30FA1E95C254007A85A5 /* TwitterStats.app */;
			productType = "com.apple.product-type.application";
		};
		139F31121E95C254007A85A5 /* TwitterStatsTests */ = {
			isa = PBXNativeTarget;
			buildConfigurationList = 139F311F1E95C254007A85A5 /* Build configuration list for PBXNativeTarget "TwitterStatsTests" */;
			buildPhases = (
				FCD79C5FFB2F9490FD6C098E /* [CP] Check Pods Manifest.lock */,
				139F310F1E95C254007A85A5 /* Sources */,
				139F31101E95C254007A85A5 /* Frameworks */,
				139F31111E95C254007A85A5 /* Resources */,
				23A1300C23211E0739A67594 /* [CP] Embed Pods Frameworks */,
				3884F0E62CA862DBC17658F5 /* [CP] Copy Pods Resources */,
			);
			buildRules = (
			);
			dependencies = (
				139F31151E95C254007A85A5 /* PBXTargetDependency */,
			);
			name = TwitterStatsTests;
			productName = TwitterStatsTests;
			productReference = 139F31131E95C254007A85A5 /* TwitterStatsTests.xctest */;
			productType = "com.apple.product-type.bundle.unit-test";
		};
/* End PBXNativeTarget section */

/* Begin PBXProject section */
		139F30F21E95C254007A85A5 /* Project object */ = {
			isa = PBXProject;
			attributes = {
				LastUpgradeCheck = 0830;
				ORGANIZATIONNAME = "cameron weston personal";
				TargetAttributes = {
					139F30F91E95C254007A85A5 = {
						CreatedOnToolsVersion = 8.3;
						DevelopmentTeam = MYPL73A9KM;
						LastSwiftMigration = 0830;
						ProvisioningStyle = Automatic;
					};
					139F31121E95C254007A85A5 = {
						CreatedOnToolsVersion = 8.3;
						DevelopmentTeam = MYPL73A9KM;
						ProvisioningStyle = Automatic;
						TestTargetID = 139F30F91E95C254007A85A5;
					};
				};
			};
			buildConfigurationList = 139F30F51E95C254007A85A5 /* Build configuration list for PBXProject "TwitterStats" */;
			compatibilityVersion = "Xcode 3.2";
			developmentRegion = English;
			hasScannedForEncodings = 0;
			knownRegions = (
				en,
				Base,
			);
			mainGroup = 139F30F11E95C254007A85A5;
			productRefGroup = 139F30FB1E95C254007A85A5 /* Products */;
			projectDirPath = "";
			projectRoot = "";
			targets = (
				139F30F91E95C254007A85A5 /* TwitterStats */,
				139F31121E95C254007A85A5 /* TwitterStatsTests */,
			);
		};
/* End PBXProject section */

/* Begin PBXResourcesBuildPhase section */
		139F30F81E95C254007A85A5 /* Resources */ = {
			isa = PBXResourcesBuildPhase;
			buildActionMask = 2147483647;
			files = (
				13154CDC1EC62F1F0089B3A7 /* PercentageTableViewController.xib in Resources */,
				139F310A1E95C254007A85A5 /* Assets.xcassets in Resources */,
				13154CD51EC62E3C0089B3A7 /* TweetsTodayTableViewController.xib in Resources */,
				133866581EBBA9250029B4E0 /* PopUpViewController.xib in Resources */,
				13154CCE1EC62CC00089B3A7 /* PhotoURLTableViewController.xib in Resources */,
				13154CC01EC62C340089B3A7 /* HashtagTableViewController.xib in Resources */,
				139F31231E95C286007A85A5 /* Default-568h@2x.png in Resources */,
				1397C09A1EB3AEC300E88A91 /* CollectionViewCell.xib in Resources */,
				13154CC71EC62C7F0089B3A7 /* URLTableViewController.xib in Resources */,
				13D918DF1EBBC61F00FB9473 /* EmojiTableViewController.xib in Resources */,
				137029D01EB17AF70079585B /* CollectionViewController.xib in Resources */,
			);
			runOnlyForDeploymentPostprocessing = 0;
		};
		139F31111E95C254007A85A5 /* Resources */ = {
			isa = PBXResourcesBuildPhase;
			buildActionMask = 2147483647;
			files = (
				13154CCF1EC62CC00089B3A7 /* PhotoURLTableViewController.xib in Resources */,
				13154CDD1EC62F1F0089B3A7 /* PercentageTableViewController.xib in Resources */,
				13154CD61EC62E3C0089B3A7 /* TweetsTodayTableViewController.xib in Resources */,
				13154CC81EC62C7F0089B3A7 /* URLTableViewController.xib in Resources */,
				13154CC11EC62C340089B3A7 /* HashtagTableViewController.xib in Resources */,
				13D918E01EBBC61F00FB9473 /* EmojiTableViewController.xib in Resources */,
			);
			runOnlyForDeploymentPostprocessing = 0;
		};
/* End PBXResourcesBuildPhase section */

/* Begin PBXShellScriptBuildPhase section */
		15A3975F9C277A1B706BEEA0 /* [CP] Embed Pods Frameworks */ = {
			isa = PBXShellScriptBuildPhase;
			buildActionMask = 2147483647;
			files = (
			);
			inputPaths = (
			);
			name = "[CP] Embed Pods Frameworks";
			outputPaths = (
			);
			runOnlyForDeploymentPostprocessing = 0;
			shellPath = /bin/sh;
			shellScript = "\"${SRCROOT}/Pods/Target Support Files/Pods-TwitterStats/Pods-TwitterStats-frameworks.sh\"\n";
			showEnvVarsInLog = 0;
		};
		23A1300C23211E0739A67594 /* [CP] Embed Pods Frameworks */ = {
			isa = PBXShellScriptBuildPhase;
			buildActionMask = 2147483647;
			files = (
			);
			inputPaths = (
			);
			name = "[CP] Embed Pods Frameworks";
			outputPaths = (
			);
			runOnlyForDeploymentPostprocessing = 0;
			shellPath = /bin/sh;
			shellScript = "\"${SRCROOT}/Pods/Target Support Files/Pods-TwitterStatsTests/Pods-TwitterStatsTests-frameworks.sh\"\n";
			showEnvVarsInLog = 0;
		};
		32C510BA5F942059293BA82B /* [CP] Copy Pods Resources */ = {
			isa = PBXShellScriptBuildPhase;
			buildActionMask = 2147483647;
			files = (
			);
			inputPaths = (
			);
			name = "[CP] Copy Pods Resources";
			outputPaths = (
			);
			runOnlyForDeploymentPostprocessing = 0;
			shellPath = /bin/sh;
			shellScript = "\"${SRCROOT}/Pods/Target Support Files/Pods-TwitterStats/Pods-TwitterStats-resources.sh\"\n";
			showEnvVarsInLog = 0;
		};
		3884F0E62CA862DBC17658F5 /* [CP] Copy Pods Resources */ = {
			isa = PBXShellScriptBuildPhase;
			buildActionMask = 2147483647;
			files = (
			);
			inputPaths = (
			);
			name = "[CP] Copy Pods Resources";
			outputPaths = (
			);
			runOnlyForDeploymentPostprocessing = 0;
			shellPath = /bin/sh;
			shellScript = "\"${SRCROOT}/Pods/Target Support Files/Pods-TwitterStatsTests/Pods-TwitterStatsTests-resources.sh\"\n";
			showEnvVarsInLog = 0;
		};
		8ED33EF5071FA36B0746CEEF /* [CP] Check Pods Manifest.lock */ = {
			isa = PBXShellScriptBuildPhase;
			buildActionMask = 2147483647;
			files = (
			);
			inputPaths = (
			);
			name = "[CP] Check Pods Manifest.lock";
			outputPaths = (
			);
			runOnlyForDeploymentPostprocessing = 0;
			shellPath = /bin/sh;
			shellScript = "diff \"${PODS_PODFILE_DIR_PATH}/Podfile.lock\" \"${PODS_ROOT}/Manifest.lock\" > /dev/null\nif [ $? != 0 ] ; then\n    # print error to STDERR\n    echo \"error: The sandbox is not in sync with the Podfile.lock. Run 'pod install' or update your CocoaPods installation.\" >&2\n    exit 1\nfi\n";
			showEnvVarsInLog = 0;
		};
		FCD79C5FFB2F9490FD6C098E /* [CP] Check Pods Manifest.lock */ = {
			isa = PBXShellScriptBuildPhase;
			buildActionMask = 2147483647;
			files = (
			);
			inputPaths = (
			);
			name = "[CP] Check Pods Manifest.lock";
			outputPaths = (
			);
			runOnlyForDeploymentPostprocessing = 0;
			shellPath = /bin/sh;
			shellScript = "diff \"${PODS_PODFILE_DIR_PATH}/Podfile.lock\" \"${PODS_ROOT}/Manifest.lock\" > /dev/null\nif [ $? != 0 ] ; then\n    # print error to STDERR\n    echo \"error: The sandbox is not in sync with the Podfile.lock. Run 'pod install' or update your CocoaPods installation.\" >&2\n    exit 1\nfi\n";
			showEnvVarsInLog = 0;
		};
/* End PBXShellScriptBuildPhase section */

/* Begin PBXSourcesBuildPhase section */
		139F30F61E95C254007A85A5 /* Sources */ = {
			isa = PBXSourcesBuildPhase;
			buildActionMask = 2147483647;
			files = (
				13D918DD1EBBC61F00FB9473 /* EmojiTableViewController.m in Sources */,
				137336A31EE89EA40097456D /* ManagedURL+CoreDataClass.m in Sources */,
				139F31051E95C254007A85A5 /* CollectionViewController.m in Sources */,
				1333935C1EC256160025D31F /* FetchedResultsDataProcessor.m in Sources */,
				139F31021E95C254007A85A5 /* AppDelegate.m in Sources */,
				13154CC51EC62C7F0089B3A7 /* URLTableViewController.m in Sources */,
				13F284751EAFB25D00D89B7F /* JSONTweetObject.m in Sources */,
				13154CDA1EC62F1F0089B3A7 /* PercentageTableViewController.m in Sources */,
				137336A51EE89EA40097456D /* ManagedURL+CoreDataProperties.m in Sources */,
				1318346F1E9E8AEC001D50DF /* PersistentStack.m in Sources */,
				137A26571E97258C003E6ECA /* TweetHandler.m in Sources */,
				1397C0991EB3AEC300E88A91 /* CollectionViewCell.m in Sources */,
				13D276541EE0C21600F0E064 /* ManagedHashtag+CoreDataClass.m in Sources */,
				13D276661EE0C58900F0E064 /* ManagedTweet+CoreDataProperties.m in Sources */,
				139F30FF1E95C254007A85A5 /* main.m in Sources */,
				13154CD31EC62E3C0089B3A7 /* TweetsTodayTableViewController.m in Sources */,
				13D276551EE0C21600F0E064 /* ManagedHashtag+CoreDataProperties.m in Sources */,
				13154CBE1EC62C340089B3A7 /* HashtagTableViewController.m in Sources */,
				13D276511EE0C21600F0E064 /* ManagedPhotoURL+CoreDataProperties.m in Sources */,
				13D276641EE0C58900F0E064 /* ManagedTweet+CoreDataClass.m in Sources */,
				13154CCC1EC62CC00089B3A7 /* PhotoURLTableViewController.m in Sources */,
				13D276501EE0C21600F0E064 /* ManagedPhotoURL+CoreDataClass.m in Sources */,
				1337AE7D1EBBB0C1004F93A2 /* PopUpViewController.m in Sources */,
				13B89E931E96013800866AC7 /* FetchTweetsWebService.m in Sources */,
				13AD803B1EE0BD69001DCF0F /* TwitterStatsModel.xcdatamodeld in Sources */,
			);
			runOnlyForDeploymentPostprocessing = 0;
		};
		139F310F1E95C254007A85A5 /* Sources */ = {
			isa = PBXSourcesBuildPhase;
			buildActionMask = 2147483647;
			files = (
				13D276581EE0C21700F0E064 /* ManagedPhotoURL+CoreDataClass.m in Sources */,
				13D276651EE0C58900F0E064 /* ManagedTweet+CoreDataClass.m in Sources */,
				13D276591EE0C21700F0E064 /* ManagedPhotoURL+CoreDataProperties.m in Sources */,
				13D918DE1EBBC61F00FB9473 /* EmojiTableViewController.m in Sources */,
				13F284761EAFB25D00D89B7F /* JSONTweetObject.m in Sources */,
				139F31181E95C254007A85A5 /* TwitterStatsTests.m in Sources */,
				137A26581E97258C003E6ECA /* TweetHandler.m in Sources */,
				13154CBF1EC62C340089B3A7 /* HashtagTableViewController.m in Sources */,
				13154CDB1EC62F1F0089B3A7 /* PercentageTableViewController.m in Sources */,
				13D276671EE0C58900F0E064 /* ManagedTweet+CoreDataProperties.m in Sources */,
				1337AE7E1EBBB0C1004F93A2 /* PopUpViewController.m in Sources */,
				13B89E941E96013800866AC7 /* FetchTweetsWebService.m in Sources */,
				13D2765C1EE0C21700F0E064 /* ManagedHashtag+CoreDataClass.m in Sources */,
				137336A41EE89EA40097456D /* ManagedURL+CoreDataClass.m in Sources */,
				1333935D1EC256160025D31F /* FetchedResultsDataProcessor.m in Sources */,
				137336A61EE89EA40097456D /* ManagedURL+CoreDataProperties.m in Sources */,
				13154CCD1EC62CC00089B3A7 /* PhotoURLTableViewController.m in Sources */,
				13154CD41EC62E3C0089B3A7 /* TweetsTodayTableViewController.m in Sources */,
				13154CC61EC62C7F0089B3A7 /* URLTableViewController.m in Sources */,
				13D2765D1EE0C21700F0E064 /* ManagedHashtag+CoreDataProperties.m in Sources */,
				131834701E9E8AEC001D50DF /* PersistentStack.m in Sources */,
			);
			runOnlyForDeploymentPostprocessing = 0;
		};
/* End PBXSourcesBuildPhase section */

/* Begin PBXTargetDependency section */
		139F31151E95C254007A85A5 /* PBXTargetDependency */ = {
			isa = PBXTargetDependency;
			target = 139F30F91E95C254007A85A5 /* TwitterStats */;
			targetProxy = 139F31141E95C254007A85A5 /* PBXContainerItemProxy */;
		};
/* End PBXTargetDependency section */

/* Begin XCBuildConfiguration section */
		139F311A1E95C254007A85A5 /* Debug */ = {
			isa = XCBuildConfiguration;
			buildSettings = {
				ALWAYS_SEARCH_USER_PATHS = NO;
				CLANG_ANALYZER_NONNULL = YES;
				CLANG_ANALYZER_NUMBER_OBJECT_CONVERSION = YES_AGGRESSIVE;
				CLANG_CXX_LANGUAGE_STANDARD = "gnu++0x";
				CLANG_CXX_LIBRARY = "libc++";
				CLANG_ENABLE_MODULES = YES;
				CLANG_ENABLE_OBJC_ARC = YES;
				CLANG_WARN_BOOL_CONVERSION = YES;
				CLANG_WARN_CONSTANT_CONVERSION = YES;
				CLANG_WARN_DIRECT_OBJC_ISA_USAGE = YES_ERROR;
				CLANG_WARN_DOCUMENTATION_COMMENTS = YES;
				CLANG_WARN_EMPTY_BODY = YES;
				CLANG_WARN_ENUM_CONVERSION = YES;
				CLANG_WARN_INFINITE_RECURSION = YES;
				CLANG_WARN_INT_CONVERSION = YES;
				CLANG_WARN_OBJC_ROOT_CLASS = YES_ERROR;
				CLANG_WARN_SUSPICIOUS_MOVE = YES;
				CLANG_WARN_UNREACHABLE_CODE = YES;
				CLANG_WARN__DUPLICATE_METHOD_MATCH = YES;
				"CODE_SIGN_IDENTITY[sdk=iphoneos*]" = "iPhone Developer";
				COPY_PHASE_STRIP = NO;
				DEBUG_INFORMATION_FORMAT = dwarf;
				ENABLE_STRICT_OBJC_MSGSEND = YES;
				ENABLE_TESTABILITY = YES;
				GCC_C_LANGUAGE_STANDARD = gnu99;
				GCC_DYNAMIC_NO_PIC = NO;
				GCC_NO_COMMON_BLOCKS = YES;
				GCC_OPTIMIZATION_LEVEL = 0;
				GCC_PREPROCESSOR_DEFINITIONS = (
					"DEBUG=1",
					"$(inherited)",
				);
				GCC_WARN_64_TO_32_BIT_CONVERSION = YES;
				GCC_WARN_ABOUT_RETURN_TYPE = YES_ERROR;
				GCC_WARN_UNDECLARED_SELECTOR = YES;
				GCC_WARN_UNINITIALIZED_AUTOS = YES_AGGRESSIVE;
				GCC_WARN_UNUSED_FUNCTION = YES;
				GCC_WARN_UNUSED_VARIABLE = YES;
				IPHONEOS_DEPLOYMENT_TARGET = 10.3;
				MTL_ENABLE_DEBUG_INFO = YES;
				ONLY_ACTIVE_ARCH = YES;
				SDKROOT = iphoneos;
			};
			name = Debug;
		};
		139F311B1E95C254007A85A5 /* Release */ = {
			isa = XCBuildConfiguration;
			buildSettings = {
				ALWAYS_SEARCH_USER_PATHS = NO;
				CLANG_ANALYZER_NONNULL = YES;
				CLANG_ANALYZER_NUMBER_OBJECT_CONVERSION = YES_AGGRESSIVE;
				CLANG_CXX_LANGUAGE_STANDARD = "gnu++0x";
				CLANG_CXX_LIBRARY = "libc++";
				CLANG_ENABLE_MODULES = YES;
				CLANG_ENABLE_OBJC_ARC = YES;
				CLANG_WARN_BOOL_CONVERSION = YES;
				CLANG_WARN_CONSTANT_CONVERSION = YES;
				CLANG_WARN_DIRECT_OBJC_ISA_USAGE = YES_ERROR;
				CLANG_WARN_DOCUMENTATION_COMMENTS = YES;
				CLANG_WARN_EMPTY_BODY = YES;
				CLANG_WARN_ENUM_CONVERSION = YES;
				CLANG_WARN_INFINITE_RECURSION = YES;
				CLANG_WARN_INT_CONVERSION = YES;
				CLANG_WARN_OBJC_ROOT_CLASS = YES_ERROR;
				CLANG_WARN_SUSPICIOUS_MOVE = YES;
				CLANG_WARN_UNREACHABLE_CODE = YES;
				CLANG_WARN__DUPLICATE_METHOD_MATCH = YES;
				"CODE_SIGN_IDENTITY[sdk=iphoneos*]" = "iPhone Developer";
				COPY_PHASE_STRIP = NO;
				DEBUG_INFORMATION_FORMAT = "dwarf-with-dsym";
				ENABLE_NS_ASSERTIONS = NO;
				ENABLE_STRICT_OBJC_MSGSEND = YES;
				GCC_C_LANGUAGE_STANDARD = gnu99;
				GCC_NO_COMMON_BLOCKS = YES;
				GCC_WARN_64_TO_32_BIT_CONVERSION = YES;
				GCC_WARN_ABOUT_RETURN_TYPE = YES_ERROR;
				GCC_WARN_UNDECLARED_SELECTOR = YES;
				GCC_WARN_UNINITIALIZED_AUTOS = YES_AGGRESSIVE;
				GCC_WARN_UNUSED_FUNCTION = YES;
				GCC_WARN_UNUSED_VARIABLE = YES;
				IPHONEOS_DEPLOYMENT_TARGET = 10.3;
				MTL_ENABLE_DEBUG_INFO = NO;
				SDKROOT = iphoneos;
				VALIDATE_PRODUCT = YES;
			};
			name = Release;
		};
		139F311D1E95C254007A85A5 /* Debug */ = {
			isa = XCBuildConfiguration;
			baseConfigurationReference = 4C71744DDE68126A08BDC7F0 /* Pods-TwitterStats.debug.xcconfig */;
			buildSettings = {
				ASSETCATALOG_COMPILER_APPICON_NAME = AppIcon;
				DEVELOPMENT_TEAM = MYPL73A9KM;
				FRAMEWORK_SEARCH_PATHS = (
					"$(inherited)",
					"$(PROJECT_DIR)",
				);
				INFOPLIST_FILE = TwitterStats/Info.plist;
				LD_RUNPATH_SEARCH_PATHS = "$(inherited) @executable_path/Frameworks";
				PRODUCT_BUNDLE_IDENTIFIER = com.cameronwestonpersonal.TwitterStats;
				PRODUCT_NAME = "$(TARGET_NAME)";
				SWIFT_VERSION = 3.0;
				TARGETED_DEVICE_FAMILY = 1;
			};
			name = Debug;
		};
		139F311E1E95C254007A85A5 /* Release */ = {
			isa = XCBuildConfiguration;
			baseConfigurationReference = D5467971D87AFA76E74BF88A /* Pods-TwitterStats.release.xcconfig */;
			buildSettings = {
				ASSETCATALOG_COMPILER_APPICON_NAME = AppIcon;
				DEVELOPMENT_TEAM = MYPL73A9KM;
				FRAMEWORK_SEARCH_PATHS = (
					"$(inherited)",
					"$(PROJECT_DIR)",
				);
				INFOPLIST_FILE = TwitterStats/Info.plist;
				LD_RUNPATH_SEARCH_PATHS = "$(inherited) @executable_path/Frameworks";
				PRODUCT_BUNDLE_IDENTIFIER = com.cameronwestonpersonal.TwitterStats;
				PRODUCT_NAME = "$(TARGET_NAME)";
				SWIFT_VERSION = 3.0;
				TARGETED_DEVICE_FAMILY = 1;
			};
			name = Release;
		};
		139F31201E95C254007A85A5 /* Debug */ = {
			isa = XCBuildConfiguration;
			baseConfigurationReference = 273C39DAF9620BFED4C312C2 /* Pods-TwitterStatsTests.debug.xcconfig */;
			buildSettings = {
				ALWAYS_EMBED_SWIFT_STANDARD_LIBRARIES = YES;
				BUNDLE_LOADER = "$(TEST_HOST)";
				DEVELOPMENT_TEAM = MYPL73A9KM;
				FRAMEWORK_SEARCH_PATHS = (
					"$(inherited)",
					"$(PROJECT_DIR)",
				);
				INFOPLIST_FILE = TwitterStatsTests/Info.plist;
				LD_RUNPATH_SEARCH_PATHS = "$(inherited) @executable_path/Frameworks @loader_path/Frameworks";
				PRODUCT_BUNDLE_IDENTIFIER = com.cameronwestonpersonal.TwitterStatsTests;
				PRODUCT_NAME = "$(TARGET_NAME)";
				TEST_HOST = "$(BUILT_PRODUCTS_DIR)/TwitterStats.app/TwitterStats";
			};
			name = Debug;
		};
		139F31211E95C254007A85A5 /* Release */ = {
			isa = XCBuildConfiguration;
			baseConfigurationReference = 11E8ABDFBDCB1F05F82AF264 /* Pods-TwitterStatsTests.release.xcconfig */;
			buildSettings = {
				ALWAYS_EMBED_SWIFT_STANDARD_LIBRARIES = YES;
				BUNDLE_LOADER = "$(TEST_HOST)";
				DEVELOPMENT_TEAM = MYPL73A9KM;
				FRAMEWORK_SEARCH_PATHS = (
					"$(inherited)",
					"$(PROJECT_DIR)",
				);
				INFOPLIST_FILE = TwitterStatsTests/Info.plist;
				LD_RUNPATH_SEARCH_PATHS = "$(inherited) @executable_path/Frameworks @loader_path/Frameworks";
				PRODUCT_BUNDLE_IDENTIFIER = com.cameronwestonpersonal.TwitterStatsTests;
				PRODUCT_NAME = "$(TARGET_NAME)";
				TEST_HOST = "$(BUILT_PRODUCTS_DIR)/TwitterStats.app/TwitterStats";
			};
			name = Release;
		};
/* End XCBuildConfiguration section */

/* Begin XCConfigurationList section */
		139F30F51E95C254007A85A5 /* Build configuration list for PBXProject "TwitterStats" */ = {
			isa = XCConfigurationList;
			buildConfigurations = (
				139F311A1E95C254007A85A5 /* Debug */,
				139F311B1E95C254007A85A5 /* Release */,
			);
			defaultConfigurationIsVisible = 0;
			defaultConfigurationName = Release;
		};
		139F311C1E95C254007A85A5 /* Build configuration list for PBXNativeTarget "TwitterStats" */ = {
			isa = XCConfigurationList;
			buildConfigurations = (
				139F311D1E95C254007A85A5 /* Debug */,
				139F311E1E95C254007A85A5 /* Release */,
			);
			defaultConfigurationIsVisible = 0;
			defaultConfigurationName = Release;
		};
		139F311F1E95C254007A85A5 /* Build configuration list for PBXNativeTarget "TwitterStatsTests" */ = {
			isa = XCConfigurationList;
			buildConfigurations = (
				139F31201E95C254007A85A5 /* Debug */,
				139F31211E95C254007A85A5 /* Release */,
			);
			defaultConfigurationIsVisible = 0;
			defaultConfigurationName = Release;
		};
/* End XCConfigurationList section */

/* Begin XCVersionGroup section */
		13AD80391EE0BD69001DCF0F /* TwitterStatsModel.xcdatamodeld */ = {
			isa = XCVersionGroup;
			children = (
				13AD803A1EE0BD69001DCF0F /* TwitterStatsModel.xcdatamodel */,
			);
			currentVersion = 13AD803A1EE0BD69001DCF0F /* TwitterStatsModel.xcdatamodel */;
			name = TwitterStatsModel.xcdatamodeld;
			path = "Core Data/TwitterStatsModel.xcdatamodeld";
			sourceTree = "<group>";
			versionGroupType = wrapper.xcdatamodel;
		};
/* End XCVersionGroup section */
	};
	rootObject = 139F30F21E95C254007A85A5 /* Project object */;
}
